
Microsoft Visual Studio Solution File, Format Version 12.00
# Visual Studio Version 17
VisualStudioVersion = 17.8.34330.188
MinimumVisualStudioVersion = 10.0.40219.1
Project("{FAE04EC0-301F-11D3-BF4B-00C04F79EFBC}") = "ClientSocket", "ClientSocket\ClientSocket.csproj", "{CE75D46D-1675-4D28-8306-E07713FA1E89}"
EndProject
Global
	GlobalSection(SolutionConfigurationPlatforms) = preSolution
		Debug|Any CPU = Debug|Any CPU
		Release|Any CPU = Release|Any CPU
	EndGlobalSection
	GlobalSection(ProjectConfigurationPlatforms) = postSolution
		{CE75D46D-1675-4D28-8306-E07713FA1E89}.Debug|Any CPU.ActiveCfg = Debug|Any CPU
		{CE75D46D-1675-4D28-8306-E07713FA1E89}.Debug|Any CPU.Build.0 = Debug|Any CPU
		{CE75D46D-1675-4D28-8306-E07713FA1E89}.Release|Any CPU.ActiveCfg = Release|Any CPU
		{CE75D46D-1675-4D28-8306-E07713FA1E89}.Release|Any CPU.Build.0 = Release|Any CPU
	EndGlobalSection
	GlobalSection(SolutionProperties) = preSolution
		HideSolutionNode = FALSE
	EndGlobalSection
	GlobalSection(ExtensibilityGlobals) = postSolution
		SolutionGuid = {BCFB34E8-6AE3-4262-9659-2FDEC381502C}
	EndGlobalSection
EndGlobal
