
Microsoft Visual Studio Solution File, Format Version 12.00
# Visual Studio Version 17
VisualStudioVersion = 17.8.34330.188
MinimumVisualStudioVersion = 10.0.40219.1
Project("{FAE04EC0-301F-11D3-BF4B-00C04F79EFBC}") = "ClientSend", "ClientSend\ClientSend.csproj", "{2571E202-E06E-4DE7-A8C5-B3E5CBDBF2B2}"
EndProject
Global
	GlobalSection(SolutionConfigurationPlatforms) = preSolution
		Debug|Any CPU = Debug|Any CPU
		Release|Any CPU = Release|Any CPU
	EndGlobalSection
	GlobalSection(ProjectConfigurationPlatforms) = postSolution
		{2571E202-E06E-4DE7-A8C5-B3E5CBDBF2B2}.Debug|Any CPU.ActiveCfg = Debug|Any CPU
		{2571E202-E06E-4DE7-A8C5-B3E5CBDBF2B2}.Debug|Any CPU.Build.0 = Debug|Any CPU
		{2571E202-E06E-4DE7-A8C5-B3E5CBDBF2B2}.Release|Any CPU.ActiveCfg = Release|Any CPU
		{2571E202-E06E-4DE7-A8C5-B3E5CBDBF2B2}.Release|Any CPU.Build.0 = Release|Any CPU
	EndGlobalSection
	GlobalSection(SolutionProperties) = preSolution
		HideSolutionNode = FALSE
	EndGlobalSection
	GlobalSection(ExtensibilityGlobals) = postSolution
		SolutionGuid = {F8A464CF-923A-4C2E-94B3-53FF50A0B76E}
	EndGlobalSection
EndGlobal
