
Microsoft Visual Studio Solution File, Format Version 12.00
# Visual Studio Version 17
VisualStudioVersion = 17.7.34024.191
MinimumVisualStudioVersion = 10.0.40219.1
Project("{FAE04EC0-301F-11D3-BF4B-00C04F79EFBC}") = "PDFLLEGIR", "PDFLLEGIR\PDFLLEGIR.csproj", "{3922B1D5-DEEA-4232-ACAD-C3414329DBA7}"
EndProject
Global
	GlobalSection(SolutionConfigurationPlatforms) = preSolution
		Debug|Any CPU = Debug|Any CPU
		Release|Any CPU = Release|Any CPU
	EndGlobalSection
	GlobalSection(ProjectConfigurationPlatforms) = postSolution
		{3922B1D5-DEEA-4232-ACAD-C3414329DBA7}.Debug|Any CPU.ActiveCfg = Debug|Any CPU
		{3922B1D5-DEEA-4232-ACAD-C3414329DBA7}.Debug|Any CPU.Build.0 = Debug|Any CPU
		{3922B1D5-DEEA-4232-ACAD-C3414329DBA7}.Release|Any CPU.ActiveCfg = Release|Any CPU
		{3922B1D5-DEEA-4232-ACAD-C3414329DBA7}.Release|Any CPU.Build.0 = Release|Any CPU
	EndGlobalSection
	GlobalSection(SolutionProperties) = preSolution
		HideSolutionNode = FALSE
	EndGlobalSection
	GlobalSection(ExtensibilityGlobals) = postSolution
		SolutionGuid = {277F3CBF-8AD2-43E5-8D4C-3E995EF1BE82}
	EndGlobalSection
EndGlobal
