
Microsoft Visual Studio Solution File, Format Version 12.00
# Visual Studio Version 17
VisualStudioVersion = 17.8.34309.116
MinimumVisualStudioVersion = 10.0.40219.1
Project("{9A19103F-16F7-4668-BE54-9A1E7A4F7556}") = "Musify-Desktop", "Musify-Desktop\Musify-Desktop.csproj", "{19C21E85-B33F-4536-8E6D-FC223D76FD08}"
EndProject
Project("{9A19103F-16F7-4668-BE54-9A1E7A4F7556}") = "MusiFy-Library", "MusiFy-Library\MusiFy-Library.csproj", "{B7A6A7AA-A31C-4EC8-B06E-D3AC7A9B7551}"
EndProject
Project("{9A19103F-16F7-4668-BE54-9A1E7A4F7556}") = "MusiFy_Lib", "MusiFy_Lib\MusiFy_Lib.csproj", "{AB46222B-928F-4855-92BB-19386DFBFD90}"
EndProject
Project("{9A19103F-16F7-4668-BE54-9A1E7A4F7556}") = "SocketServidor", "..\SocketServidor\SocketServidor\SocketServidor.csproj", "{9F0AA5FD-DC43-4461-8F6B-87A26A854C35}"
EndProject
Global
	GlobalSection(SolutionConfigurationPlatforms) = preSolution
		Debug|Any CPU = Debug|Any CPU
		Release|Any CPU = Release|Any CPU
	EndGlobalSection
	GlobalSection(ProjectConfigurationPlatforms) = postSolution
		{19C21E85-B33F-4536-8E6D-FC223D76FD08}.Debug|Any CPU.ActiveCfg = Debug|Any CPU
		{19C21E85-B33F-4536-8E6D-FC223D76FD08}.Debug|Any CPU.Build.0 = Debug|Any CPU
		{19C21E85-B33F-4536-8E6D-FC223D76FD08}.Release|Any CPU.ActiveCfg = Release|Any CPU
		{19C21E85-B33F-4536-8E6D-FC223D76FD08}.Release|Any CPU.Build.0 = Release|Any CPU
		{B7A6A7AA-A31C-4EC8-B06E-D3AC7A9B7551}.Debug|Any CPU.ActiveCfg = Debug|Any CPU
		{B7A6A7AA-A31C-4EC8-B06E-D3AC7A9B7551}.Debug|Any CPU.Build.0 = Debug|Any CPU
		{B7A6A7AA-A31C-4EC8-B06E-D3AC7A9B7551}.Release|Any CPU.ActiveCfg = Release|Any CPU
		{B7A6A7AA-A31C-4EC8-B06E-D3AC7A9B7551}.Release|Any CPU.Build.0 = Release|Any CPU
		{AB46222B-928F-4855-92BB-19386DFBFD90}.Debug|Any CPU.ActiveCfg = Debug|Any CPU
		{AB46222B-928F-4855-92BB-19386DFBFD90}.Debug|Any CPU.Build.0 = Debug|Any CPU
		{AB46222B-928F-4855-92BB-19386DFBFD90}.Release|Any CPU.ActiveCfg = Release|Any CPU
		{AB46222B-928F-4855-92BB-19386DFBFD90}.Release|Any CPU.Build.0 = Release|Any CPU
		{9F0AA5FD-DC43-4461-8F6B-87A26A854C35}.Debug|Any CPU.ActiveCfg = Debug|Any CPU
		{9F0AA5FD-DC43-4461-8F6B-87A26A854C35}.Debug|Any CPU.Build.0 = Debug|Any CPU
		{9F0AA5FD-DC43-4461-8F6B-87A26A854C35}.Release|Any CPU.ActiveCfg = Release|Any CPU
		{9F0AA5FD-DC43-4461-8F6B-87A26A854C35}.Release|Any CPU.Build.0 = Release|Any CPU
	EndGlobalSection
	GlobalSection(SolutionProperties) = preSolution
		HideSolutionNode = FALSE
	EndGlobalSection
	GlobalSection(ExtensibilityGlobals) = postSolution
		SolutionGuid = {BF4CE3E9-14C5-4400-BB5A-6BB53EAC2B39}
	EndGlobalSection
EndGlobal
