
Microsoft Visual Studio Solution File, Format Version 12.00
# Visual Studio Version 17
VisualStudioVersion = 17.8.34330.188
MinimumVisualStudioVersion = 10.0.40219.1
Project("{9A19103F-16F7-4668-BE54-9A1E7A4F7556}") = "ClientReceive", "ClientReceive\ClientReceive.csproj", "{6FB431E5-5F48-412D-95AB-1834B1832D4E}"
EndProject
Project("{9A19103F-16F7-4668-BE54-9A1E7A4F7556}") = "DamSecurityLib", "DamSecurityLib\DamSecurityLib.csproj", "{C0815F11-2680-41E7-825D-C96E6DEC811B}"
EndProject
Global
	GlobalSection(SolutionConfigurationPlatforms) = preSolution
		Debug|Any CPU = Debug|Any CPU
		Release|Any CPU = Release|Any CPU
	EndGlobalSection
	GlobalSection(ProjectConfigurationPlatforms) = postSolution
		{6FB431E5-5F48-412D-95AB-1834B1832D4E}.Debug|Any CPU.ActiveCfg = Debug|Any CPU
		{6FB431E5-5F48-412D-95AB-1834B1832D4E}.Debug|Any CPU.Build.0 = Debug|Any CPU
		{6FB431E5-5F48-412D-95AB-1834B1832D4E}.Release|Any CPU.ActiveCfg = Release|Any CPU
		{6FB431E5-5F48-412D-95AB-1834B1832D4E}.Release|Any CPU.Build.0 = Release|Any CPU
		{C0815F11-2680-41E7-825D-C96E6DEC811B}.Debug|Any CPU.ActiveCfg = Debug|Any CPU
		{C0815F11-2680-41E7-825D-C96E6DEC811B}.Debug|Any CPU.Build.0 = Debug|Any CPU
		{C0815F11-2680-41E7-825D-C96E6DEC811B}.Release|Any CPU.ActiveCfg = Release|Any CPU
		{C0815F11-2680-41E7-825D-C96E6DEC811B}.Release|Any CPU.Build.0 = Release|Any CPU
	EndGlobalSection
	GlobalSection(SolutionProperties) = preSolution
		HideSolutionNode = FALSE
	EndGlobalSection
	GlobalSection(ExtensibilityGlobals) = postSolution
		SolutionGuid = {C796499D-F274-47DB-831E-EC2EA59951C3}
	EndGlobalSection
EndGlobal
